
Microsoft Visual Studio Solution File, Format Version 12.00
# Visual Studio Version 16
VisualStudioVersion = 16.0.29424.173
MinimumVisualStudioVersion = 10.0.40219.1
Project("{FAE04EC0-301F-11D3-BF4B-00C04F79EFBC}") = "Karl.Android", "Karl.Android\Karl.Android.csproj", "{377D614C-DB65-4161-9465-9FF1CB035652}"
EndProject
Project("{FAE04EC0-301F-11D3-BF4B-00C04F79EFBC}") = "Karl.iOS", "Karl.iOS\Karl.iOS.csproj", "{36ACACAB-E32A-447E-996E-41E5866EBB33}"
EndProject
Project("{9A19103F-16F7-4668-BE54-9A1E7A4F7556}") = "Karl", "Karl\Karl.csproj", "{F303F778-1006-40B2-BD82-680DCC634D46}"
EndProject
Project("{9A19103F-16F7-4668-BE54-9A1E7A4F7556}") = "StepDetectionLibrary", "StepDetectionLibrary\StepDetectionLibrary.csproj", "{931F0D20-701F-479C-B2D8-45F8960BEDA3}"
EndProject
Project("{9A19103F-16F7-4668-BE54-9A1E7A4F7556}") = "EarableLibrary", "EarableLibrary\EarableLibrary.csproj", "{BAFA1A92-FC12-40F6-AF50-7CF2424BE89D}"
EndProject
Project("{FAE04EC0-301F-11D3-BF4B-00C04F79EFBC}") = "StepDetectionTestApp", "StepDetectionTestApp\StepDetectionTestApp.csproj", "{1BDAE14C-139B-47C4-9146-B68E9349D390}"
EndProject
Project("{FAE04EC0-301F-11D3-BF4B-00C04F79EFBC}") = "UnitTesting", "UnitTesting\UnitTesting.csproj", "{8CF77B81-4ECC-4AA2-A1AD-1D34F57DEBFA}"
EndProject
Project("{FAE04EC0-301F-11D3-BF4B-00C04F79EFBC}") = "EarableLibraryTestApp.Android", "EarableLibraryTestApp\EarableLibraryTestApp.Android\EarableLibraryTestApp.Android.csproj", "{A39D4235-43EB-40B3-8C83-BBAABDE4ABE2}"
EndProject
Project("{FAE04EC0-301F-11D3-BF4B-00C04F79EFBC}") = "EarableLibraryTestApp.iOS", "EarableLibraryTestApp\EarableLibraryTestApp.iOS\EarableLibraryTestApp.iOS.csproj", "{10F8C075-EE85-427B-8DD2-D22B3714ABC1}"
EndProject
Project("{FAE04EC0-301F-11D3-BF4B-00C04F79EFBC}") = "EarableLibraryTestApp", "EarableLibraryTestApp\EarableLibraryTestApp\EarableLibraryTestApp.csproj", "{8812A40A-E8D1-4D35-B127-20577312B177}"
EndProject
Global
	GlobalSection(SolutionConfigurationPlatforms) = preSolution
		Debug|Any CPU = Debug|Any CPU
		Debug|iPhone = Debug|iPhone
		Debug|iPhoneSimulator = Debug|iPhoneSimulator
		Release|Any CPU = Release|Any CPU
		Release|iPhone = Release|iPhone
		Release|iPhoneSimulator = Release|iPhoneSimulator
	EndGlobalSection
	GlobalSection(ProjectConfigurationPlatforms) = postSolution
		{377D614C-DB65-4161-9465-9FF1CB035652}.Debug|Any CPU.ActiveCfg = Debug|Any CPU
		{377D614C-DB65-4161-9465-9FF1CB035652}.Debug|Any CPU.Build.0 = Debug|Any CPU
		{377D614C-DB65-4161-9465-9FF1CB035652}.Debug|Any CPU.Deploy.0 = Debug|Any CPU
		{377D614C-DB65-4161-9465-9FF1CB035652}.Debug|iPhone.ActiveCfg = Debug|Any CPU
		{377D614C-DB65-4161-9465-9FF1CB035652}.Debug|iPhone.Build.0 = Debug|Any CPU
		{377D614C-DB65-4161-9465-9FF1CB035652}.Debug|iPhone.Deploy.0 = Debug|Any CPU
		{377D614C-DB65-4161-9465-9FF1CB035652}.Debug|iPhoneSimulator.ActiveCfg = Debug|Any CPU
		{377D614C-DB65-4161-9465-9FF1CB035652}.Debug|iPhoneSimulator.Build.0 = Debug|Any CPU
		{377D614C-DB65-4161-9465-9FF1CB035652}.Debug|iPhoneSimulator.Deploy.0 = Debug|Any CPU
		{377D614C-DB65-4161-9465-9FF1CB035652}.Release|Any CPU.ActiveCfg = Release|Any CPU
		{377D614C-DB65-4161-9465-9FF1CB035652}.Release|Any CPU.Build.0 = Release|Any CPU
		{377D614C-DB65-4161-9465-9FF1CB035652}.Release|Any CPU.Deploy.0 = Release|Any CPU
		{377D614C-DB65-4161-9465-9FF1CB035652}.Release|iPhone.ActiveCfg = Release|Any CPU
		{377D614C-DB65-4161-9465-9FF1CB035652}.Release|iPhone.Build.0 = Release|Any CPU
		{377D614C-DB65-4161-9465-9FF1CB035652}.Release|iPhone.Deploy.0 = Release|Any CPU
		{377D614C-DB65-4161-9465-9FF1CB035652}.Release|iPhoneSimulator.ActiveCfg = Release|Any CPU
		{377D614C-DB65-4161-9465-9FF1CB035652}.Release|iPhoneSimulator.Build.0 = Release|Any CPU
		{377D614C-DB65-4161-9465-9FF1CB035652}.Release|iPhoneSimulator.Deploy.0 = Release|Any CPU
		{36ACACAB-E32A-447E-996E-41E5866EBB33}.Debug|Any CPU.ActiveCfg = Debug|iPhoneSimulator
		{36ACACAB-E32A-447E-996E-41E5866EBB33}.Debug|Any CPU.Build.0 = Debug|iPhoneSimulator
		{36ACACAB-E32A-447E-996E-41E5866EBB33}.Debug|Any CPU.Deploy.0 = Debug|iPhoneSimulator
		{36ACACAB-E32A-447E-996E-41E5866EBB33}.Debug|iPhone.ActiveCfg = Debug|iPhone
		{36ACACAB-E32A-447E-996E-41E5866EBB33}.Debug|iPhone.Build.0 = Debug|iPhone
		{36ACACAB-E32A-447E-996E-41E5866EBB33}.Debug|iPhone.Deploy.0 = Debug|iPhone
		{36ACACAB-E32A-447E-996E-41E5866EBB33}.Debug|iPhoneSimulator.ActiveCfg = Debug|iPhoneSimulator
		{36ACACAB-E32A-447E-996E-41E5866EBB33}.Debug|iPhoneSimulator.Build.0 = Debug|iPhoneSimulator
		{36ACACAB-E32A-447E-996E-41E5866EBB33}.Debug|iPhoneSimulator.Deploy.0 = Debug|iPhoneSimulator
		{36ACACAB-E32A-447E-996E-41E5866EBB33}.Release|Any CPU.ActiveCfg = Release|iPhone
		{36ACACAB-E32A-447E-996E-41E5866EBB33}.Release|Any CPU.Build.0 = Release|iPhone
		{36ACACAB-E32A-447E-996E-41E5866EBB33}.Release|Any CPU.Deploy.0 = Release|iPhone
		{36ACACAB-E32A-447E-996E-41E5866EBB33}.Release|iPhone.ActiveCfg = Release|iPhone
		{36ACACAB-E32A-447E-996E-41E5866EBB33}.Release|iPhone.Build.0 = Release|iPhone
		{36ACACAB-E32A-447E-996E-41E5866EBB33}.Release|iPhone.Deploy.0 = Release|iPhone
		{36ACACAB-E32A-447E-996E-41E5866EBB33}.Release|iPhoneSimulator.ActiveCfg = Release|iPhoneSimulator
		{36ACACAB-E32A-447E-996E-41E5866EBB33}.Release|iPhoneSimulator.Build.0 = Release|iPhoneSimulator
		{36ACACAB-E32A-447E-996E-41E5866EBB33}.Release|iPhoneSimulator.Deploy.0 = Release|iPhoneSimulator
		{F303F778-1006-40B2-BD82-680DCC634D46}.Debug|Any CPU.ActiveCfg = Debug|Any CPU
		{F303F778-1006-40B2-BD82-680DCC634D46}.Debug|Any CPU.Build.0 = Debug|Any CPU
		{F303F778-1006-40B2-BD82-680DCC634D46}.Debug|Any CPU.Deploy.0 = Debug|Any CPU
		{F303F778-1006-40B2-BD82-680DCC634D46}.Debug|iPhone.ActiveCfg = Debug|Any CPU
		{F303F778-1006-40B2-BD82-680DCC634D46}.Debug|iPhone.Build.0 = Debug|Any CPU
		{F303F778-1006-40B2-BD82-680DCC634D46}.Debug|iPhone.Deploy.0 = Debug|Any CPU
		{F303F778-1006-40B2-BD82-680DCC634D46}.Debug|iPhoneSimulator.ActiveCfg = Debug|Any CPU
		{F303F778-1006-40B2-BD82-680DCC634D46}.Debug|iPhoneSimulator.Build.0 = Debug|Any CPU
		{F303F778-1006-40B2-BD82-680DCC634D46}.Debug|iPhoneSimulator.Deploy.0 = Debug|Any CPU
		{F303F778-1006-40B2-BD82-680DCC634D46}.Release|Any CPU.ActiveCfg = Release|Any CPU
		{F303F778-1006-40B2-BD82-680DCC634D46}.Release|Any CPU.Build.0 = Release|Any CPU
		{F303F778-1006-40B2-BD82-680DCC634D46}.Release|Any CPU.Deploy.0 = Release|Any CPU
		{F303F778-1006-40B2-BD82-680DCC634D46}.Release|iPhone.ActiveCfg = Release|Any CPU
		{F303F778-1006-40B2-BD82-680DCC634D46}.Release|iPhone.Build.0 = Release|Any CPU
		{F303F778-1006-40B2-BD82-680DCC634D46}.Release|iPhone.Deploy.0 = Release|Any CPU
		{F303F778-1006-40B2-BD82-680DCC634D46}.Release|iPhoneSimulator.ActiveCfg = Release|Any CPU
		{F303F778-1006-40B2-BD82-680DCC634D46}.Release|iPhoneSimulator.Build.0 = Release|Any CPU
		{F303F778-1006-40B2-BD82-680DCC634D46}.Release|iPhoneSimulator.Deploy.0 = Release|Any CPU
		{931F0D20-701F-479C-B2D8-45F8960BEDA3}.Debug|Any CPU.ActiveCfg = Debug|Any CPU
		{931F0D20-701F-479C-B2D8-45F8960BEDA3}.Debug|Any CPU.Build.0 = Debug|Any CPU
		{931F0D20-701F-479C-B2D8-45F8960BEDA3}.Debug|iPhone.ActiveCfg = Debug|Any CPU
		{931F0D20-701F-479C-B2D8-45F8960BEDA3}.Debug|iPhone.Build.0 = Debug|Any CPU
		{931F0D20-701F-479C-B2D8-45F8960BEDA3}.Debug|iPhoneSimulator.ActiveCfg = Debug|Any CPU
		{931F0D20-701F-479C-B2D8-45F8960BEDA3}.Debug|iPhoneSimulator.Build.0 = Debug|Any CPU
		{931F0D20-701F-479C-B2D8-45F8960BEDA3}.Release|Any CPU.ActiveCfg = Release|Any CPU
		{931F0D20-701F-479C-B2D8-45F8960BEDA3}.Release|Any CPU.Build.0 = Release|Any CPU
		{931F0D20-701F-479C-B2D8-45F8960BEDA3}.Release|iPhone.ActiveCfg = Release|Any CPU
		{931F0D20-701F-479C-B2D8-45F8960BEDA3}.Release|iPhone.Build.0 = Release|Any CPU
		{931F0D20-701F-479C-B2D8-45F8960BEDA3}.Release|iPhoneSimulator.ActiveCfg = Release|Any CPU
		{931F0D20-701F-479C-B2D8-45F8960BEDA3}.Release|iPhoneSimulator.Build.0 = Release|Any CPU
		{BAFA1A92-FC12-40F6-AF50-7CF2424BE89D}.Debug|Any CPU.ActiveCfg = Debug|Any CPU
		{BAFA1A92-FC12-40F6-AF50-7CF2424BE89D}.Debug|Any CPU.Build.0 = Debug|Any CPU
		{BAFA1A92-FC12-40F6-AF50-7CF2424BE89D}.Debug|iPhone.ActiveCfg = Debug|Any CPU
		{BAFA1A92-FC12-40F6-AF50-7CF2424BE89D}.Debug|iPhone.Build.0 = Debug|Any CPU
		{BAFA1A92-FC12-40F6-AF50-7CF2424BE89D}.Debug|iPhoneSimulator.ActiveCfg = Debug|Any CPU
		{BAFA1A92-FC12-40F6-AF50-7CF2424BE89D}.Debug|iPhoneSimulator.Build.0 = Debug|Any CPU
		{BAFA1A92-FC12-40F6-AF50-7CF2424BE89D}.Release|Any CPU.ActiveCfg = Release|Any CPU
		{BAFA1A92-FC12-40F6-AF50-7CF2424BE89D}.Release|Any CPU.Build.0 = Release|Any CPU
		{BAFA1A92-FC12-40F6-AF50-7CF2424BE89D}.Release|iPhone.ActiveCfg = Release|Any CPU
		{BAFA1A92-FC12-40F6-AF50-7CF2424BE89D}.Release|iPhone.Build.0 = Release|Any CPU
		{BAFA1A92-FC12-40F6-AF50-7CF2424BE89D}.Release|iPhoneSimulator.ActiveCfg = Release|Any CPU
		{BAFA1A92-FC12-40F6-AF50-7CF2424BE89D}.Release|iPhoneSimulator.Build.0 = Release|Any CPU
		{1BDAE14C-139B-47C4-9146-B68E9349D390}.Debug|Any CPU.ActiveCfg = Debug|Any CPU
		{1BDAE14C-139B-47C4-9146-B68E9349D390}.Debug|Any CPU.Build.0 = Debug|Any CPU
		{1BDAE14C-139B-47C4-9146-B68E9349D390}.Debug|iPhone.ActiveCfg = Debug|Any CPU
		{1BDAE14C-139B-47C4-9146-B68E9349D390}.Debug|iPhone.Build.0 = Debug|Any CPU
		{1BDAE14C-139B-47C4-9146-B68E9349D390}.Debug|iPhoneSimulator.ActiveCfg = Debug|Any CPU
		{1BDAE14C-139B-47C4-9146-B68E9349D390}.Debug|iPhoneSimulator.Build.0 = Debug|Any CPU
		{1BDAE14C-139B-47C4-9146-B68E9349D390}.Release|Any CPU.ActiveCfg = Release|Any CPU
		{1BDAE14C-139B-47C4-9146-B68E9349D390}.Release|Any CPU.Build.0 = Release|Any CPU
		{1BDAE14C-139B-47C4-9146-B68E9349D390}.Release|iPhone.ActiveCfg = Release|Any CPU
		{1BDAE14C-139B-47C4-9146-B68E9349D390}.Release|iPhone.Build.0 = Release|Any CPU
		{1BDAE14C-139B-47C4-9146-B68E9349D390}.Release|iPhoneSimulator.ActiveCfg = Release|Any CPU
		{1BDAE14C-139B-47C4-9146-B68E9349D390}.Release|iPhoneSimulator.Build.0 = Release|Any CPU
		{8CF77B81-4ECC-4AA2-A1AD-1D34F57DEBFA}.Debug|Any CPU.ActiveCfg = Debug|Any CPU
		{8CF77B81-4ECC-4AA2-A1AD-1D34F57DEBFA}.Debug|Any CPU.Build.0 = Debug|Any CPU
		{8CF77B81-4ECC-4AA2-A1AD-1D34F57DEBFA}.Debug|iPhone.ActiveCfg = Debug|Any CPU
		{8CF77B81-4ECC-4AA2-A1AD-1D34F57DEBFA}.Debug|iPhone.Build.0 = Debug|Any CPU
		{8CF77B81-4ECC-4AA2-A1AD-1D34F57DEBFA}.Debug|iPhoneSimulator.ActiveCfg = Debug|Any CPU
		{8CF77B81-4ECC-4AA2-A1AD-1D34F57DEBFA}.Debug|iPhoneSimulator.Build.0 = Debug|Any CPU
		{8CF77B81-4ECC-4AA2-A1AD-1D34F57DEBFA}.Release|Any CPU.ActiveCfg = Release|Any CPU
		{8CF77B81-4ECC-4AA2-A1AD-1D34F57DEBFA}.Release|Any CPU.Build.0 = Release|Any CPU
		{8CF77B81-4ECC-4AA2-A1AD-1D34F57DEBFA}.Release|iPhone.ActiveCfg = Release|Any CPU
		{8CF77B81-4ECC-4AA2-A1AD-1D34F57DEBFA}.Release|iPhone.Build.0 = Release|Any CPU
		{8CF77B81-4ECC-4AA2-A1AD-1D34F57DEBFA}.Release|iPhoneSimulator.ActiveCfg = Release|Any CPU
		{8CF77B81-4ECC-4AA2-A1AD-1D34F57DEBFA}.Release|iPhoneSimulator.Build.0 = Release|Any CPU
		{A39D4235-43EB-40B3-8C83-BBAABDE4ABE2}.Debug|Any CPU.ActiveCfg = Debug|Any CPU
		{A39D4235-43EB-40B3-8C83-BBAABDE4ABE2}.Debug|Any CPU.Build.0 = Debug|Any CPU
		{A39D4235-43EB-40B3-8C83-BBAABDE4ABE2}.Debug|Any CPU.Deploy.0 = Debug|Any CPU
		{A39D4235-43EB-40B3-8C83-BBAABDE4ABE2}.Debug|iPhone.ActiveCfg = Debug|Any CPU
		{A39D4235-43EB-40B3-8C83-BBAABDE4ABE2}.Debug|iPhone.Build.0 = Debug|Any CPU
		{A39D4235-43EB-40B3-8C83-BBAABDE4ABE2}.Debug|iPhone.Deploy.0 = Debug|Any CPU
		{A39D4235-43EB-40B3-8C83-BBAABDE4ABE2}.Debug|iPhoneSimulator.ActiveCfg = Debug|Any CPU
		{A39D4235-43EB-40B3-8C83-BBAABDE4ABE2}.Debug|iPhoneSimulator.Build.0 = Debug|Any CPU
		{A39D4235-43EB-40B3-8C83-BBAABDE4ABE2}.Debug|iPhoneSimulator.Deploy.0 = Debug|Any CPU
		{A39D4235-43EB-40B3-8C83-BBAABDE4ABE2}.Release|Any CPU.ActiveCfg = Release|Any CPU
		{A39D4235-43EB-40B3-8C83-BBAABDE4ABE2}.Release|Any CPU.Build.0 = Release|Any CPU
		{A39D4235-43EB-40B3-8C83-BBAABDE4ABE2}.Release|Any CPU.Deploy.0 = Release|Any CPU
		{A39D4235-43EB-40B3-8C83-BBAABDE4ABE2}.Release|iPhone.ActiveCfg = Release|Any CPU
		{A39D4235-43EB-40B3-8C83-BBAABDE4ABE2}.Release|iPhone.Build.0 = Release|Any CPU
		{A39D4235-43EB-40B3-8C83-BBAABDE4ABE2}.Release|iPhone.Deploy.0 = Release|Any CPU
		{A39D4235-43EB-40B3-8C83-BBAABDE4ABE2}.Release|iPhoneSimulator.ActiveCfg = Release|Any CPU
		{A39D4235-43EB-40B3-8C83-BBAABDE4ABE2}.Release|iPhoneSimulator.Build.0 = Release|Any CPU
		{A39D4235-43EB-40B3-8C83-BBAABDE4ABE2}.Release|iPhoneSimulator.Deploy.0 = Release|Any CPU
		{10F8C075-EE85-427B-8DD2-D22B3714ABC1}.Debug|Any CPU.ActiveCfg = Debug|iPhone
		{10F8C075-EE85-427B-8DD2-D22B3714ABC1}.Debug|iPhone.ActiveCfg = Debug|iPhone
		{10F8C075-EE85-427B-8DD2-D22B3714ABC1}.Debug|iPhone.Build.0 = Debug|iPhone
		{10F8C075-EE85-427B-8DD2-D22B3714ABC1}.Debug|iPhoneSimulator.ActiveCfg = Debug|iPhoneSimulator
		{10F8C075-EE85-427B-8DD2-D22B3714ABC1}.Debug|iPhoneSimulator.Build.0 = Debug|iPhoneSimulator
		{10F8C075-EE85-427B-8DD2-D22B3714ABC1}.Release|Any CPU.ActiveCfg = Release|iPhone
		{10F8C075-EE85-427B-8DD2-D22B3714ABC1}.Release|iPhone.ActiveCfg = Release|iPhone
		{10F8C075-EE85-427B-8DD2-D22B3714ABC1}.Release|iPhone.Build.0 = Release|iPhone
		{10F8C075-EE85-427B-8DD2-D22B3714ABC1}.Release|iPhoneSimulator.ActiveCfg = Release|iPhoneSimulator
		{10F8C075-EE85-427B-8DD2-D22B3714ABC1}.Release|iPhoneSimulator.Build.0 = Release|iPhoneSimulator
		{8812A40A-E8D1-4D35-B127-20577312B177}.Debug|Any CPU.ActiveCfg = Debug|Any CPU
		{8812A40A-E8D1-4D35-B127-20577312B177}.Debug|Any CPU.Build.0 = Debug|Any CPU
		{8812A40A-E8D1-4D35-B127-20577312B177}.Debug|iPhone.ActiveCfg = Debug|Any CPU
		{8812A40A-E8D1-4D35-B127-20577312B177}.Debug|iPhone.Build.0 = Debug|Any CPU
		{8812A40A-E8D1-4D35-B127-20577312B177}.Debug|iPhoneSimulator.ActiveCfg = Debug|Any CPU
		{8812A40A-E8D1-4D35-B127-20577312B177}.Debug|iPhoneSimulator.Build.0 = Debug|Any CPU
		{8812A40A-E8D1-4D35-B127-20577312B177}.Release|Any CPU.ActiveCfg = Release|Any CPU
		{8812A40A-E8D1-4D35-B127-20577312B177}.Release|Any CPU.Build.0 = Release|Any CPU
		{8812A40A-E8D1-4D35-B127-20577312B177}.Release|iPhone.ActiveCfg = Release|Any CPU
		{8812A40A-E8D1-4D35-B127-20577312B177}.Release|iPhone.Build.0 = Release|Any CPU
		{8812A40A-E8D1-4D35-B127-20577312B177}.Release|iPhoneSimulator.ActiveCfg = Release|Any CPU
		{8812A40A-E8D1-4D35-B127-20577312B177}.Release|iPhoneSimulator.Build.0 = Release|Any CPU
	EndGlobalSection
	GlobalSection(SolutionProperties) = preSolution
		HideSolutionNode = FALSE
	EndGlobalSection
	GlobalSection(ExtensibilityGlobals) = postSolution
		SolutionGuid = {DE6B5EFE-A6D2-43F0-AE4B-E7984A121BD2}
	EndGlobalSection
EndGlobal
